// !$*UTF8*$!
{
	archiveVersion = 1;
	classes = {
	};
	objectVersion = 77;
	objects = {

/* Begin PBXContainerItemProxy section */
		0FE6F76F2E45BDEE00477399 /* PBXContainerItemProxy */ = {
			isa = PBXContainerItemProxy;
			containerPortal = 0FE6F7592E45BDEC00477399 /* Project object */;
			proxyType = 1;
			remoteGlobalIDString = 0FE6F7602E45BDEC00477399;
			remoteInfo = MiniShoppingApp;
		};
		0FE6F7792E45BDEE00477399 /* PBXContainerItemProxy */ = {
			isa = PBXContainerItemProxy;
			containerPortal = 0FE6F7592E45BDEC00477399 /* Project object */;
			proxyType = 1;
			remoteGlobalIDString = 0FE6F7602E45BDEC00477399;
			remoteInfo = MiniShoppingApp;
		};
/* End PBXContainerItemProxy section */

/* Begin PBXFileReference section */
		0FE6F7612E45BDEC00477399 /* MiniShoppingApp.app */ = {isa = PBXFileReference; explicitFileType = wrapper.application; includeInIndex = 0; path = MiniShoppingApp.app; sourceTree = BUILT_PRODUCTS_DIR; };
		0FE6F76E2E45BDEE00477399 /* MiniShoppingAppTests.xctest */ = {isa = PBXFileReference; explicitFileType = wrapper.cfbundle; includeInIndex = 0; path = MiniShoppingAppTests.xctest; sourceTree = BUILT_PRODUCTS_DIR; };
		0FE6F7782E45BDEE00477399 /* MiniShoppingAppUITests.xctest */ = {isa = PBXFileReference; explicitFileType = wrapper.cfbundle; includeInIndex = 0; path = MiniShoppingAppUITests.xctest; sourceTree = BUILT_PRODUCTS_DIR; };
/* End PBXFileReference section */

/* Begin PBXFileSystemSynchronizedRootGroup section */
		0FE6F7632E45BDEC00477399 /* MiniShoppingApp */ = {
			isa = PBXFileSystemSynchronizedRootGroup;
			path = MiniShoppingApp;
			sourceTree = "<group>";
		};
		0FE6F7712E45BDEE00477399 /* MiniShoppingAppTests */ = {
			isa = PBXFileSystemSynchronizedRootGroup;
			path = MiniShoppingAppTests;
			sourceTree = "<group>";
		};
		0FE6F77B2E45BDEE00477399 /* MiniShoppingAppUITests */ = {
			isa = PBXFileSystemSynchronizedRootGroup;
			path = MiniShoppingAppUITests;
			sourceTree = "<group>";
		};
/* End PBXFileSystemSynchronizedRootGroup section */

/* Begin PBXFrameworksBuildPhase section */
		0FE6F75E2E45BDEC00477399 /* Frameworks */ = {
			isa = PBXFrameworksBuildPhase;
			buildActionMask = 2147483647;
			files = (
			);
			runOnlyForDeploymentPostprocessing = 0;
		};
		0FE6F76B2E45BDEE00477399 /* Frameworks */ = {
			isa = PBXFrameworksBuildPhase;
			buildActionMask = 2147483647;
			files = (
			);
			runOnlyForDeploymentPostprocessing = 0;
		};
		0FE6F7752E45BDEE00477399 /* Frameworks */ = {
			isa = PBXFrameworksBuildPhase;
			buildActionMask = 2147483647;
			files = (
			);
			runOnlyForDeploymentPostprocessing = 0;
		};
/* End PBXFrameworksBuildPhase section */

/* Begin PBXGroup section */
		0FE6F7582E45BDEC00477399 = {
			isa = PBXGroup;
			children = (
				0FE6F7632E45BDEC00477399 /* MiniShoppingApp */,
				0FE6F7712E45BDEE00477399 /* MiniShoppingAppTests */,
				0FE6F77B2E45BDEE00477399 /* MiniShoppingAppUITests */,
				0FE6F7622E45BDEC00477399 /* Products */,
			);
			sourceTree = "<group>";
		};
		0FE6F7622E45BDEC00477399 /* Products */ = {
			isa = PBXGroup;
			children = (
				0FE6F7612E45BDEC00477399 /* MiniShoppingApp.app */,
				0FE6F76E2E45BDEE00477399 /* MiniShoppingAppTests.xctest */,
				0FE6F7782E45BDEE00477399 /* MiniShoppingAppUITests.xctest */,
			);
			name = Products;
			sourceTree = "<group>";
		};
/* End PBXGroup section */

/* Begin PBXNativeTarget section */
		0FE6F7602E45BDEC00477399 /* MiniShoppingApp */ = {
			isa = PBXNativeTarget;
			buildConfigurationList = 0FE6F7822E45BDEE00477399 /* Build configuration list for PBXNativeTarget "MiniShoppingApp" */;
			buildPhases = (
				0FE6F75D2E45BDEC00477399 /* Sources */,
				0FE6F75E2E45BDEC00477399 /* Frameworks */,
				0FE6F75F2E45BDEC00477399 /* Resources */,
			);
			buildRules = (
			);
			dependencies = (
			);
			fileSystemSynchronizedGroups = (
				0FE6F7632E45BDEC00477399 /* MiniShoppingApp */,
			);
			name = MiniShoppingApp;
			packageProductDependencies = (
			);
			productName = MiniShoppingApp;
			productReference = 0FE6F7612E45BDEC00477399 /* MiniShoppingApp.app */;
			productType = "com.apple.product-type.application";
		};
		0FE6F76D2E45BDEE00477399 /* MiniShoppingAppTests */ = {
			isa = PBXNativeTarget;
			buildConfigurationList = 0FE6F7852E45BDEE00477399 /* Build configuration list for PBXNativeTarget "MiniShoppingAppTests" */;
			buildPhases = (
				0FE6F76A2E45BDEE00477399 /* Sources */,
				0FE6F76B2E45BDEE00477399 /* Frameworks */,
				0FE6F76C2E45BDEE00477399 /* Resources */,
			);
			buildRules = (
			);
			dependencies = (
				0FE6F7702E45BDEE00477399 /* PBXTargetDependency */,
			);
			fileSystemSynchronizedGroups = (
				0FE6F7712E45BDEE00477399 /* MiniShoppingAppTests */,
			);
			name = MiniShoppingAppTests;
			packageProductDependencies = (
			);
			productName = MiniShoppingAppTests;
			productReference = 0FE6F76E2E45BDEE00477399 /* MiniShoppingAppTests.xctest */;
			productType = "com.apple.product-type.bundle.unit-test";
		};
		0FE6F7772E45BDEE00477399 /* MiniShoppingAppUITests */ = {
			isa = PBXNativeTarget;
			buildConfigurationList = 0FE6F7882E45BDEE00477399 /* Build configuration list for PBXNativeTarget "MiniShoppingAppUITests" */;
			buildPhases = (
				0FE6F7742E45BDEE00477399 /* Sources */,
				0FE6F7752E45BDEE00477399 /* Frameworks */,
				0FE6F7762E45BDEE00477399 /* Resources */,
			);
			buildRules = (
			);
			dependencies = (
				0FE6F77A2E45BDEE00477399 /* PBXTargetDependency */,
			);
			fileSystemSynchronizedGroups = (
				0FE6F77B2E45BDEE00477399 /* MiniShoppingAppUITests */,
			);
			name = MiniShoppingAppUITests;
			packageProductDependencies = (
			);
			productName = MiniShoppingAppUITests;
			productReference = 0FE6F7782E45BDEE00477399 /* MiniShoppingAppUITests.xctest */;
			productType = "com.apple.product-type.bundle.ui-testing";
		};
/* End PBXNativeTarget section */

/* Begin PBXProject section */
		0FE6F7592E45BDEC00477399 /* Project object */ = {
			isa = PBXProject;
			attributes = {
				BuildIndependentTargetsInParallel = 1;
				LastSwiftUpdateCheck = 1640;
				LastUpgradeCheck = 1640;
				TargetAttributes = {
					0FE6F7602E45BDEC00477399 = {
						CreatedOnToolsVersion = 16.4;
					};
					0FE6F76D2E45BDEE00477399 = {
						CreatedOnToolsVersion = 16.4;
						TestTargetID = 0FE6F7602E45BDEC00477399;
					};
					0FE6F7772E45BDEE00477399 = {
						CreatedOnToolsVersion = 16.4;
						TestTargetID = 0FE6F7602E45BDEC00477399;
					};
				};
			};
			buildConfigurationList = 0FE6F75C2E45BDEC00477399 /* Build configuration list for PBXProject "MiniShoppingApp" */;
			developmentRegion = en;
			hasScannedForEncodings = 0;
			knownRegions = (
				en,
				Base,
			);
			mainGroup = 0FE6F7582E45BDEC00477399;
			minimizedProjectReferenceProxies = 1;
			preferredProjectObjectVersion = 77;
			productRefGroup = 0FE6F7622E45BDEC00477399 /* Products */;
			projectDirPath = "";
			projectRoot = "";
			targets = (
				0FE6F7602E45BDEC00477399 /* MiniShoppingApp */,
				0FE6F76D2E45BDEE00477399 /* MiniShoppingAppTests */,
				0FE6F7772E45BDEE00477399 /* MiniShoppingAppUITests */,
			);
		};
/* End PBXProject section */

/* Begin PBXResourcesBuildPhase section */
		0FE6F75F2E45BDEC00477399 /* Resources */ = {
			isa = PBXResourcesBuildPhase;
			buildActionMask = 2147483647;
			files = (
			);
			runOnlyForDeploymentPostprocessing = 0;
		};
		0FE6F76C2E45BDEE00477399 /* Resources */ = {
			isa = PBXResourcesBuildPhase;
			buildActionMask = 2147483647;
			files = (
			);
			runOnlyForDeploymentPostprocessing = 0;
		};
		0FE6F7762E45BDEE00477399 /* Resources */ = {
			isa = PBXResourcesBuildPhase;
			buildActionMask = 2147483647;
			files = (
			);
			runOnlyForDeploymentPostprocessing = 0;
		};
/* End PBXResourcesBuildPhase section */

/* Begin PBXSourcesBuildPhase section */
		0FE6F75D2E45BDEC00477399 /* Sources */ = {
			isa = PBXSourcesBuildPhase;
			buildActionMask = 2147483647;
			files = (
			);
			runOnlyForDeploymentPostprocessing = 0;
		};
		0FE6F76A2E45BDEE00477399 /* Sources */ = {
			isa = PBXSourcesBuildPhase;
			buildActionMask = 2147483647;
			files = (
			);
			runOnlyForDeploymentPostprocessing = 0;
		};
		0FE6F7742E45BDEE00477399 /* Sources */ = {
			isa = PBXSourcesBuildPhase;
			buildActionMask = 2147483647;
			files = (
			);
			runOnlyForDeploymentPostprocessing = 0;
		};
/* End PBXSourcesBuildPhase section */

/* Begin PBXTargetDependency section */
		0FE6F7702E45BDEE00477399 /* PBXTargetDependency */ = {
			isa = PBXTargetDependency;
			target = 0FE6F7602E45BDEC00477399 /* MiniShoppingApp */;
			targetProxy = 0FE6F76F2E45BDEE00477399 /* PBXContainerItemProxy */;
		};
		0FE6F77A2E45BDEE00477399 /* PBXTargetDependency */ = {
			isa = PBXTargetDependency;
			target = 0FE6F7602E45BDEC00477399 /* MiniShoppingApp */;
			targetProxy = 0FE6F7792E45BDEE00477399 /* PBXContainerItemProxy */;
		};
/* End PBXTargetDependency section */

/* Begin XCBuildConfiguration section */
		0FE6F7802E45BDEE00477399 /* Debug */ = {
			isa = XCBuildConfiguration;
			buildSettings = {
				ALWAYS_SEARCH_USER_PATHS = NO;
				ASSETCATALOG_COMPILER_GENERATE_SWIFT_ASSET_SYMBOL_EXTENSIONS = YES;
				CLANG_ANALYZER_NONNULL = YES;
				CLANG_ANALYZER_NUMBER_OBJECT_CONVERSION = YES_AGGRESSIVE;
				CLANG_CXX_LANGUAGE_STANDARD = "gnu++20";
				CLANG_ENABLE_MODULES = YES;
				CLANG_ENABLE_OBJC_ARC = YES;
				CLANG_ENABLE_OBJC_WEAK = YES;
				CLANG_WARN_BLOCK_CAPTURE_AUTORELEASING = YES;
				CLANG_WARN_BOOL_CONVERSION = YES;
				CLANG_WARN_COMMA = YES;
				CLANG_WARN_CONSTANT_CONVERSION = YES;
				CLANG_WARN_DEPRECATED_OBJC_IMPLEMENTATIONS = YES;
				CLANG_WARN_DIRECT_OBJC_ISA_USAGE = YES_ERROR;
				CLANG_WARN_DOCUMENTATION_COMMENTS = YES;
				CLANG_WARN_EMPTY_BODY = YES;
				CLANG_WARN_ENUM_CONVERSION = YES;
				CLANG_WARN_INFINITE_RECURSION = YES;
				CLANG_WARN_INT_CONVERSION = YES;
				CLANG_WARN_NON_LITERAL_NULL_CONVERSION = YES;
				CLANG_WARN_OBJC_IMPLICIT_RETAIN_SELF = YES;
				CLANG_WARN_OBJC_LITERAL_CONVERSION = YES;
				CLANG_WARN_OBJC_ROOT_CLASS = YES_ERROR;
				CLANG_WARN_QUOTED_INCLUDE_IN_FRAMEWORK_HEADER = YES;
				CLANG_WARN_RANGE_LOOP_ANALYSIS = YES;
				CLANG_WARN_STRICT_PROTOTYPES = YES;
				CLANG_WARN_SUSPICIOUS_MOVE = YES;
				CLANG_WARN_UNGUARDED_AVAILABILITY = YES_AGGRESSIVE;
				CLANG_WARN_UNREACHABLE_CODE = YES;
				CLANG_WARN__DUPLICATE_METHOD_MATCH = YES;
				COPY_PHASE_STRIP = NO;
				DEBUG_INFORMATION_FORMAT = dwarf;
				DEVELOPMENT_TEAM = 72JD9HZ2BB;
				ENABLE_STRICT_OBJC_MSGSEND = YES;
				ENABLE_TESTABILITY = YES;
				ENABLE_USER_SCRIPT_SANDBOXING = YES;
				GCC_C_LANGUAGE_STANDARD = gnu17;
				GCC_DYNAMIC_NO_PIC = NO;
				GCC_NO_COMMON_BLOCKS = YES;
				GCC_OPTIMIZATION_LEVEL = 0;
				GCC_PREPROCESSOR_DEFINITIONS = (
					"DEBUG=1",
					"$(inherited)",
				);
				GCC_WARN_64_TO_32_BIT_CONVERSION = YES;
				GCC_WARN_ABOUT_RETURN_TYPE = YES_ERROR;
				GCC_WARN_UNDECLARED_SELECTOR = YES;
				GCC_WARN_UNINITIALIZED_AUTOS = YES_AGGRESSIVE;
				GCC_WARN_UNUSED_FUNCTION = YES;
				GCC_WARN_UNUSED_VARIABLE = YES;
				IPHONEOS_DEPLOYMENT_TARGET = 18.5;
				LOCALIZATION_PREFERS_STRING_CATALOGS = YES;
				MTL_ENABLE_DEBUG_INFO = INCLUDE_SOURCE;
				MTL_FAST_MATH = YES;
				ONLY_ACTIVE_ARCH = YES;
				SDKROOT = iphoneos;
				SWIFT_ACTIVE_COMPILATION_CONDITIONS = "DEBUG $(inherited)";
				SWIFT_OPTIMIZATION_LEVEL = "-Onone";
			};
			name = Debug;
		};
		0FE6F7812E45BDEE00477399 /* Release */ = {
			isa = XCBuildConfiguration;
			buildSettings = {
				ALWAYS_SEARCH_USER_PATHS = NO;
				ASSETCATALOG_COMPILER_GENERATE_SWIFT_ASSET_SYMBOL_EXTENSIONS = YES;
				CLANG_ANALYZER_NONNULL = YES;
				CLANG_ANALYZER_NUMBER_OBJECT_CONVERSION = YES_AGGRESSIVE;
				CLANG_CXX_LANGUAGE_STANDARD = "gnu++20";
				CLANG_ENABLE_MODULES = YES;
				CLANG_ENABLE_OBJC_ARC = YES;
				CLANG_ENABLE_OBJC_WEAK = YES;
				CLANG_WARN_BLOCK_CAPTURE_AUTORELEASING = YES;
				CLANG_WARN_BOOL_CONVERSION = YES;
				CLANG_WARN_COMMA = YES;
				CLANG_WARN_CONSTANT_CONVERSION = YES;
				CLANG_WARN_DEPRECATED_OBJC_IMPLEMENTATIONS = YES;
				CLANG_WARN_DIRECT_OBJC_ISA_USAGE = YES_ERROR;
				CLANG_WARN_DOCUMENTATION_COMMENTS = YES;
				CLANG_WARN_EMPTY_BODY = YES;
				CLANG_WARN_ENUM_CONVERSION = YES;
				CLANG_WARN_INFINITE_RECURSION = YES;
				CLANG_WARN_INT_CONVERSION = YES;
				CLANG_WARN_NON_LITERAL_NULL_CONVERSION = YES;
				CLANG_WARN_OBJC_IMPLICIT_RETAIN_SELF = YES;
				CLANG_WARN_OBJC_LITERAL_CONVERSION = YES;
				CLANG_WARN_OBJC_ROOT_CLASS = YES_ERROR;
				CLANG_WARN_QUOTED_INCLUDE_IN_FRAMEWORK_HEADER = YES;
				CLANG_WARN_RANGE_LOOP_ANALYSIS = YES;
				CLANG_WARN_STRICT_PROTOTYPES = YES;
				CLANG_WARN_SUSPICIOUS_MOVE = YES;
				CLANG_WARN_UNGUARDED_AVAILABILITY = YES_AGGRESSIVE;
				CLANG_WARN_UNREACHABLE_CODE = YES;
				CLANG_WARN__DUPLICATE_METHOD_MATCH = YES;
				COPY_PHASE_STRIP = NO;
				DEBUG_INFORMATION_FORMAT = "dwarf-with-dsym";
				DEVELOPMENT_TEAM = 72JD9HZ2BB;
				ENABLE_NS_ASSERTIONS = NO;
				ENABLE_STRICT_OBJC_MSGSEND = YES;
				ENABLE_USER_SCRIPT_SANDBOXING = YES;
				GCC_C_LANGUAGE_STANDARD = gnu17;
				GCC_NO_COMMON_BLOCKS = YES;
				GCC_WARN_64_TO_32_BIT_CONVERSION = YES;
				GCC_WARN_ABOUT_RETURN_TYPE = YES_ERROR;
				GCC_WARN_UNDECLARED_SELECTOR = YES;
				GCC_WARN_UNINITIALIZED_AUTOS = YES_AGGRESSIVE;
				GCC_WARN_UNUSED_FUNCTION = YES;
				GCC_WARN_UNUSED_VARIABLE = YES;
				IPHONEOS_DEPLOYMENT_TARGET = 18.5;
				LOCALIZATION_PREFERS_STRING_CATALOGS = YES;
				MTL_ENABLE_DEBUG_INFO = NO;
				MTL_FAST_MATH = YES;
				SDKROOT = iphoneos;
				SWIFT_COMPILATION_MODE = wholemodule;
				VALIDATE_PRODUCT = YES;
			};
			name = Release;
		};
		0FE6F7832E45BDEE00477399 /* Debug */ = {
			isa = XCBuildConfiguration;
			buildSettings = {
				ASSETCATALOG_COMPILER_APPICON_NAME = AppIcon;
				ASSETCATALOG_COMPILER_GLOBAL_ACCENT_COLOR_NAME = AccentColor;
				ASSETCATALOG_COMPILER_INCLUDE_ALL_APPICON_ASSETS = NO;
				CODE_SIGN_STYLE = Automatic;
				CURRENT_PROJECT_VERSION = 1;
				DEVELOPMENT_TEAM = 72JD9HZ2BB;
				ENABLE_PREVIEWS = YES;
				GENERATE_INFOPLIST_FILE = YES;
				INFOPLIST_KEY_UIApplicationSceneManifest_Generation = YES;
				INFOPLIST_KEY_UIApplicationSupportsIndirectInputEvents = YES;
				INFOPLIST_KEY_UILaunchScreen_Generation = YES;
				INFOPLIST_KEY_UILaunchStoryboardName = LaunchScreen;
				INFOPLIST_KEY_UISupportedInterfaceOrientations_iPad = "UIInterfaceOrientationPortrait UIInterfaceOrientationPortraitUpsideDown UIInterfaceOrientationLandscapeLeft UIInterfaceOrientationLandscapeRight";
				INFOPLIST_KEY_UISupportedInterfaceOrientations_iPhone = "UIInterfaceOrientationPortrait UIInterfaceOrientationLandscapeLeft UIInterfaceOrientationLandscapeRight";
				LD_RUNPATH_SEARCH_PATHS = (
					"$(inherited)",
					"@executable_path/Frameworks",
				);
				MARKETING_VERSION = 1.0;
				PRODUCT_BUNDLE_IDENTIFIER = com.project.testing.MiniShoppingApp;
				PRODUCT_NAME = "$(TARGET_NAME)";
				SWIFT_EMIT_LOC_STRINGS = YES;
				SWIFT_VERSION = 5.0;
				TARGETED_DEVICE_FAMILY = "1,2";
			};
			name = Debug;
		};
		0FE6F7842E45BDEE00477399 /* Release */ = {
			isa = XCBuildConfiguration;
			buildSettings = {
				ASSETCATALOG_COMPILER_APPICON_NAME = AppIcon;
				ASSETCATALOG_COMPILER_GLOBAL_ACCENT_COLOR_NAME = AccentColor;
				ASSETCATALOG_COMPILER_INCLUDE_ALL_APPICON_ASSETS = NO;
				CODE_SIGN_STYLE = Automatic;
				CURRENT_PROJECT_VERSION = 1;
				DEVELOPMENT_TEAM = 72JD9HZ2BB;
				ENABLE_PREVIEWS = YES;
				GENERATE_INFOPLIST_FILE = YES;
				INFOPLIST_KEY_UIApplicationSceneManifest_Generation = YES;
				INFOPLIST_KEY_UIApplicationSupportsIndirectInputEvents = YES;
				INFOPLIST_KEY_UILaunchScreen_Generation = YES;
				INFOPLIST_KEY_UILaunchStoryboardName = LaunchScreen;
				INFOPLIST_KEY_UISupportedInterfaceOrientations_iPad = "UIInterfaceOrientationPortrait UIInterfaceOrientationPortraitUpsideDown UIInterfaceOrientationLandscapeLeft UIInterfaceOrientationLandscapeRight";
				INFOPLIST_KEY_UISupportedInterfaceOrientations_iPhone = "UIInterfaceOrientationPortrait UIInterfaceOrientationLandscapeLeft UIInterfaceOrientationLandscapeRight";
				LD_RUNPATH_SEARCH_PATHS = (
					"$(inherited)",
					"@executable_path/Frameworks",
				);
				MARKETING_VERSION = 1.0;
				PRODUCT_BUNDLE_IDENTIFIER = com.project.testing.MiniShoppingApp;
				PRODUCT_NAME = "$(TARGET_NAME)";
				SWIFT_EMIT_LOC_STRINGS = YES;
				SWIFT_VERSION = 5.0;
				TARGETED_DEVICE_FAMILY = "1,2";
			};
			name = Release;
		};
		0FE6F7862E45BDEE00477399 /* Debug */ = {
			isa = XCBuildConfiguration;
			buildSettings = {
				BUNDLE_LOADER = "$(TEST_HOST)";
				CODE_SIGN_STYLE = Automatic;
				CURRENT_PROJECT_VERSION = 1;
				DEVELOPMENT_TEAM = 72JD9HZ2BB;
				GENERATE_INFOPLIST_FILE = YES;
				IPHONEOS_DEPLOYMENT_TARGET = 18.5;
				MARKETING_VERSION = 1.0;
				PRODUCT_BUNDLE_IDENTIFIER = com.project.testing.MiniShoppingAppTests;
				PRODUCT_NAME = "$(TARGET_NAME)";
				SWIFT_EMIT_LOC_STRINGS = NO;
				SWIFT_VERSION = 5.0;
				TARGETED_DEVICE_FAMILY = "1,2";
				TEST_HOST = "$(BUILT_PRODUCTS_DIR)/MiniShoppingApp.app/$(BUNDLE_EXECUTABLE_FOLDER_PATH)/MiniShoppingApp";
			};
			name = Debug;
		};
		0FE6F7872E45BDEE00477399 /* Release */ = {
			isa = XCBuildConfiguration;
			buildSettings = {
				BUNDLE_LOADER = "$(TEST_HOST)";
				CODE_SIGN_STYLE = Automatic;
				CURRENT_PROJECT_VERSION = 1;
				DEVELOPMENT_TEAM = 72JD9HZ2BB;
				GENERATE_INFOPLIST_FILE = YES;
				IPHONEOS_DEPLOYMENT_TARGET = 18.5;
				MARKETING_VERSION = 1.0;
				PRODUCT_BUNDLE_IDENTIFIER = com.project.testing.MiniShoppingAppTests;
				PRODUCT_NAME = "$(TARGET_NAME)";
				SWIFT_EMIT_LOC_STRINGS = NO;
				SWIFT_VERSION = 5.0;
				TARGETED_DEVICE_FAMILY = "1,2";
				TEST_HOST = "$(BUILT_PRODUCTS_DIR)/MiniShoppingApp.app/$(BUNDLE_EXECUTABLE_FOLDER_PATH)/MiniShoppingApp";
			};
			name = Release;
		};
		0FE6F7892E45BDEE00477399 /* Debug */ = {
			isa = XCBuildConfiguration;
			buildSettings = {
				CODE_SIGN_STYLE = Automatic;
				CURRENT_PROJECT_VERSION = 1;
				DEVELOPMENT_TEAM = 72JD9HZ2BB;
				GENERATE_INFOPLIST_FILE = YES;
				MARKETING_VERSION = 1.0;
				PRODUCT_BUNDLE_IDENTIFIER = com.project.testing.MiniShoppingAppUITests;
				PRODUCT_NAME = "$(TARGET_NAME)";
				SWIFT_EMIT_LOC_STRINGS = NO;
				SWIFT_VERSION = 5.0;
				TARGETED_DEVICE_FAMILY = "1,2";
				TEST_TARGET_NAME = MiniShoppingApp;
			};
			name = Debug;
		};
		0FE6F78A2E45BDEE00477399 /* Release */ = {
			isa = XCBuildConfiguration;
			buildSettings = {
				CODE_SIGN_STYLE = Automatic;
				CURRENT_PROJECT_VERSION = 1;
				DEVELOPMENT_TEAM = 72JD9HZ2BB;
				GENERATE_INFOPLIST_FILE = YES;
				MARKETING_VERSION = 1.0;
				PRODUCT_BUNDLE_IDENTIFIER = com.project.testing.MiniShoppingAppUITests;
				PRODUCT_NAME = "$(TARGET_NAME)";
				SWIFT_EMIT_LOC_STRINGS = NO;
				SWIFT_VERSION = 5.0;
				TARGETED_DEVICE_FAMILY = "1,2";
				TEST_TARGET_NAME = MiniShoppingApp;
			};
			name = Release;
		};
/* End XCBuildConfiguration section */

/* Begin XCConfigurationList section */
		0FE6F75C2E45BDEC00477399 /* Build configuration list for PBXProject "MiniShoppingApp" */ = {
			isa = XCConfigurationList;
			buildConfigurations = (
				0FE6F7802E45BDEE00477399 /* Debug */,
				0FE6F7812E45BDEE00477399 /* Release */,
			);
			defaultConfigurationIsVisible = 0;
			defaultConfigurationName = Release;
		};
		0FE6F7822E45BDEE00477399 /* Build configuration list for PBXNativeTarget "MiniShoppingApp" */ = {
			isa = XCConfigurationList;
			buildConfigurations = (
				0FE6F7832E45BDEE00477399 /* Debug */,
				0FE6F7842E45BDEE00477399 /* Release */,
			);
			defaultConfigurationIsVisible = 0;
			defaultConfigurationName = Release;
		};
		0FE6F7852E45BDEE00477399 /* Build configuration list for PBXNativeTarget "MiniShoppingAppTests" */ = {
			isa = XCConfigurationList;
			buildConfigurations = (
				0FE6F7862E45BDEE00477399 /* Debug */,
				0FE6F7872E45BDEE00477399 /* Release */,
			);
			defaultConfigurationIsVisible = 0;
			defaultConfigurationName = Release;
		};
		0FE6F7882E45BDEE00477399 /* Build configuration list for PBXNativeTarget "MiniShoppingAppUITests" */ = {
			isa = XCConfigurationList;
			buildConfigurations = (
				0FE6F7892E45BDEE00477399 /* Debug */,
				0FE6F78A2E45BDEE00477399 /* Release */,
			);
			defaultConfigurationIsVisible = 0;
			defaultConfigurationName = Release;
		};
/* End XCConfigurationList section */
	};
	rootObject = 0FE6F7592E45BDEC00477399 /* Project object */;
}
